
Microsoft Visual Studio Solution File, Format Version 12.00
# Visual Studio Version 16
VisualStudioVersion = 16.0.30611.23
MinimumVisualStudioVersion = 10.0.40219.1
Project("{9A19103F-16F7-4668-BE54-9A1E7A4F7556}") = "BiliBiliTool", "BiliBiliTool\BiliBiliTool.csproj", "{6055550A-46CA-4DC5-AD6E-E092C4BD163C}"
EndProject
Project("{9A19103F-16F7-4668-BE54-9A1E7A4F7556}") = "Ray.BiliTool.Application", "Ray.BiliTool.Application\Ray.BiliTool.Application.csproj", "{C102881C-A254-48F4-83ED-4428BD8D9FD3}"
EndProject
Project("{2150E333-8FDC-42A3-9474-1A3956D46DE8}") = "UI", "UI", "{38736647-2196-417E-8519-C48A012A63D9}"
EndProject
Project("{9A19103F-16F7-4668-BE54-9A1E7A4F7556}") = "Ray.BiliTool.OpenApi", "Ray.BiliTool.OpenApi\Ray.BiliTool.OpenApi.csproj", "{24EFDCE0-70D6-4F9B-957E-2C17F84965B2}"
EndProject
Project("{2150E333-8FDC-42A3-9474-1A3956D46DE8}") = "Application", "Application", "{98051127-2868-4F5C-9B2C-2150975E05F3}"
EndProject
Project("{2150E333-8FDC-42A3-9474-1A3956D46DE8}") = "Domain", "Domain", "{120917DC-474C-448B-9EBB-1B3BA3A20B9D}"
EndProject
Project("{2150E333-8FDC-42A3-9474-1A3956D46DE8}") = "src", "src", "{AF21E067-3307-4E7F-8CE8-C695E6B61876}"
EndProject
Project("{2150E333-8FDC-42A3-9474-1A3956D46DE8}") = "test", "test", "{E9BDDCBE-A57D-4E3B-8252-708088386ADF}"
EndProject
Project("{9A19103F-16F7-4668-BE54-9A1E7A4F7556}") = "DeserializeTest", "DeserializeTest\DeserializeTest.csproj", "{37478355-6D65-44C4-80E3-E0094FE62352}"
EndProject
Project("{9A19103F-16F7-4668-BE54-9A1E7A4F7556}") = "GetDailyTaskStatusTest", "GetDailyTaskStatusTest\GetDailyTaskStatusTest.csproj", "{496EDBF6-C4A9-4EF4-B2B9-86E6785067F7}"
EndProject
Project("{9A19103F-16F7-4668-BE54-9A1E7A4F7556}") = "GetRegionRankingTest", "GetRegionRankingTest\GetRegionRankingTest.csproj", "{10F88E41-D147-4C9F-A7E7-E68C1CC55FE3}"
EndProject
Project("{9A19103F-16F7-4668-BE54-9A1E7A4F7556}") = "WatchVideoTest", "WatchVideoTest\WatchVideoTest.csproj", "{48E06359-D066-44C2-AB16-B1C6740DBA4F}"
EndProject
Project("{FAE04EC0-301F-11D3-BF4B-00C04F79EFBC}") = "ShareVideoTest", "ShareVideoTest\ShareVideoTest.csproj", "{768992E3-006C-47FA-8862-1839DE2FBC72}"
EndProject
Project("{FAE04EC0-301F-11D3-BF4B-00C04F79EFBC}") = "LogTest", "LogTest\LogTest.csproj", "{1BFD42CE-C645-444B-AEA9-3133817D86D4}"
EndProject
Project("{FAE04EC0-301F-11D3-BF4B-00C04F79EFBC}") = "ConfigTest", "ConfigTest\ConfigTest.csproj", "{C659BDD7-F0E4-4F89-BDF0-7985BF03CFC8}"
EndProject
Project("{FAE04EC0-301F-11D3-BF4B-00C04F79EFBC}") = "MangaSignTest", "MangaSignTest\MangaSignTest.csproj", "{38841147-A40C-4160-80EC-82A75399ADE8}"
EndProject
Global
	GlobalSection(SolutionConfigurationPlatforms) = preSolution
		Debug|Any CPU = Debug|Any CPU
		Release|Any CPU = Release|Any CPU
	EndGlobalSection
	GlobalSection(ProjectConfigurationPlatforms) = postSolution
		{6055550A-46CA-4DC5-AD6E-E092C4BD163C}.Debug|Any CPU.ActiveCfg = Debug|Any CPU
		{6055550A-46CA-4DC5-AD6E-E092C4BD163C}.Debug|Any CPU.Build.0 = Debug|Any CPU
		{6055550A-46CA-4DC5-AD6E-E092C4BD163C}.Release|Any CPU.ActiveCfg = Release|Any CPU
		{6055550A-46CA-4DC5-AD6E-E092C4BD163C}.Release|Any CPU.Build.0 = Release|Any CPU
		{C102881C-A254-48F4-83ED-4428BD8D9FD3}.Debug|Any CPU.ActiveCfg = Debug|Any CPU
		{C102881C-A254-48F4-83ED-4428BD8D9FD3}.Debug|Any CPU.Build.0 = Debug|Any CPU
		{C102881C-A254-48F4-83ED-4428BD8D9FD3}.Release|Any CPU.ActiveCfg = Release|Any CPU
		{C102881C-A254-48F4-83ED-4428BD8D9FD3}.Release|Any CPU.Build.0 = Release|Any CPU
		{24EFDCE0-70D6-4F9B-957E-2C17F84965B2}.Debug|Any CPU.ActiveCfg = Debug|Any CPU
		{24EFDCE0-70D6-4F9B-957E-2C17F84965B2}.Debug|Any CPU.Build.0 = Debug|Any CPU
		{24EFDCE0-70D6-4F9B-957E-2C17F84965B2}.Release|Any CPU.ActiveCfg = Release|Any CPU
		{24EFDCE0-70D6-4F9B-957E-2C17F84965B2}.Release|Any CPU.Build.0 = Release|Any CPU
		{37478355-6D65-44C4-80E3-E0094FE62352}.Debug|Any CPU.ActiveCfg = Debug|Any CPU
		{37478355-6D65-44C4-80E3-E0094FE62352}.Debug|Any CPU.Build.0 = Debug|Any CPU
		{37478355-6D65-44C4-80E3-E0094FE62352}.Release|Any CPU.ActiveCfg = Release|Any CPU
		{37478355-6D65-44C4-80E3-E0094FE62352}.Release|Any CPU.Build.0 = Release|Any CPU
		{496EDBF6-C4A9-4EF4-B2B9-86E6785067F7}.Debug|Any CPU.ActiveCfg = Debug|Any CPU
		{496EDBF6-C4A9-4EF4-B2B9-86E6785067F7}.Debug|Any CPU.Build.0 = Debug|Any CPU
		{496EDBF6-C4A9-4EF4-B2B9-86E6785067F7}.Release|Any CPU.ActiveCfg = Release|Any CPU
		{496EDBF6-C4A9-4EF4-B2B9-86E6785067F7}.Release|Any CPU.Build.0 = Release|Any CPU
		{10F88E41-D147-4C9F-A7E7-E68C1CC55FE3}.Debug|Any CPU.ActiveCfg = Debug|Any CPU
		{10F88E41-D147-4C9F-A7E7-E68C1CC55FE3}.Debug|Any CPU.Build.0 = Debug|Any CPU
		{10F88E41-D147-4C9F-A7E7-E68C1CC55FE3}.Release|Any CPU.ActiveCfg = Release|Any CPU
		{10F88E41-D147-4C9F-A7E7-E68C1CC55FE3}.Release|Any CPU.Build.0 = Release|Any CPU
		{48E06359-D066-44C2-AB16-B1C6740DBA4F}.Debug|Any CPU.ActiveCfg = Debug|Any CPU
		{48E06359-D066-44C2-AB16-B1C6740DBA4F}.Debug|Any CPU.Build.0 = Debug|Any CPU
		{48E06359-D066-44C2-AB16-B1C6740DBA4F}.Release|Any CPU.ActiveCfg = Release|Any CPU
		{48E06359-D066-44C2-AB16-B1C6740DBA4F}.Release|Any CPU.Build.0 = Release|Any CPU
		{768992E3-006C-47FA-8862-1839DE2FBC72}.Debug|Any CPU.ActiveCfg = Debug|Any CPU
		{768992E3-006C-47FA-8862-1839DE2FBC72}.Debug|Any CPU.Build.0 = Debug|Any CPU
		{768992E3-006C-47FA-8862-1839DE2FBC72}.Release|Any CPU.ActiveCfg = Release|Any CPU
		{768992E3-006C-47FA-8862-1839DE2FBC72}.Release|Any CPU.Build.0 = Release|Any CPU
		{1BFD42CE-C645-444B-AEA9-3133817D86D4}.Debug|Any CPU.ActiveCfg = Debug|Any CPU
		{1BFD42CE-C645-444B-AEA9-3133817D86D4}.Debug|Any CPU.Build.0 = Debug|Any CPU
		{1BFD42CE-C645-444B-AEA9-3133817D86D4}.Release|Any CPU.ActiveCfg = Release|Any CPU
		{1BFD42CE-C645-444B-AEA9-3133817D86D4}.Release|Any CPU.Build.0 = Release|Any CPU
		{C659BDD7-F0E4-4F89-BDF0-7985BF03CFC8}.Debug|Any CPU.ActiveCfg = Debug|Any CPU
		{C659BDD7-F0E4-4F89-BDF0-7985BF03CFC8}.Debug|Any CPU.Build.0 = Debug|Any CPU
		{C659BDD7-F0E4-4F89-BDF0-7985BF03CFC8}.Release|Any CPU.ActiveCfg = Release|Any CPU
		{C659BDD7-F0E4-4F89-BDF0-7985BF03CFC8}.Release|Any CPU.Build.0 = Release|Any CPU
		{38841147-A40C-4160-80EC-82A75399ADE8}.Debug|Any CPU.ActiveCfg = Debug|Any CPU
		{38841147-A40C-4160-80EC-82A75399ADE8}.Debug|Any CPU.Build.0 = Debug|Any CPU
		{38841147-A40C-4160-80EC-82A75399ADE8}.Release|Any CPU.ActiveCfg = Release|Any CPU
		{38841147-A40C-4160-80EC-82A75399ADE8}.Release|Any CPU.Build.0 = Release|Any CPU
	EndGlobalSection
	GlobalSection(SolutionProperties) = preSolution
		HideSolutionNode = FALSE
	EndGlobalSection
	GlobalSection(NestedProjects) = preSolution
		{6055550A-46CA-4DC5-AD6E-E092C4BD163C} = {38736647-2196-417E-8519-C48A012A63D9}
		{C102881C-A254-48F4-83ED-4428BD8D9FD3} = {98051127-2868-4F5C-9B2C-2150975E05F3}
		{38736647-2196-417E-8519-C48A012A63D9} = {AF21E067-3307-4E7F-8CE8-C695E6B61876}
		{24EFDCE0-70D6-4F9B-957E-2C17F84965B2} = {38736647-2196-417E-8519-C48A012A63D9}
		{98051127-2868-4F5C-9B2C-2150975E05F3} = {AF21E067-3307-4E7F-8CE8-C695E6B61876}
		{120917DC-474C-448B-9EBB-1B3BA3A20B9D} = {AF21E067-3307-4E7F-8CE8-C695E6B61876}
		{37478355-6D65-44C4-80E3-E0094FE62352} = {E9BDDCBE-A57D-4E3B-8252-708088386ADF}
		{496EDBF6-C4A9-4EF4-B2B9-86E6785067F7} = {E9BDDCBE-A57D-4E3B-8252-708088386ADF}
		{10F88E41-D147-4C9F-A7E7-E68C1CC55FE3} = {E9BDDCBE-A57D-4E3B-8252-708088386ADF}
		{48E06359-D066-44C2-AB16-B1C6740DBA4F} = {E9BDDCBE-A57D-4E3B-8252-708088386ADF}
		{768992E3-006C-47FA-8862-1839DE2FBC72} = {E9BDDCBE-A57D-4E3B-8252-708088386ADF}
		{1BFD42CE-C645-444B-AEA9-3133817D86D4} = {E9BDDCBE-A57D-4E3B-8252-708088386ADF}
		{C659BDD7-F0E4-4F89-BDF0-7985BF03CFC8} = {E9BDDCBE-A57D-4E3B-8252-708088386ADF}
		{38841147-A40C-4160-80EC-82A75399ADE8} = {E9BDDCBE-A57D-4E3B-8252-708088386ADF}
	EndGlobalSection
	GlobalSection(ExtensibilityGlobals) = postSolution
		SolutionGuid = {197319DA-1148-4A99-847C-8B270B6A29AB}
	EndGlobalSection
EndGlobal
