
Microsoft Visual Studio Solution File, Format Version 12.00
# Visual Studio Version 16
VisualStudioVersion = 16.0.30611.23
MinimumVisualStudioVersion = 10.0.40219.1
Project("{2150E333-8FDC-42A3-9474-1A3956D46DE8}") = "UI", "UI", "{38736647-2196-417E-8519-C48A012A63D9}"
EndProject
Project("{2150E333-8FDC-42A3-9474-1A3956D46DE8}") = "Application", "Application", "{98051127-2868-4F5C-9B2C-2150975E05F3}"
EndProject
Project("{2150E333-8FDC-42A3-9474-1A3956D46DE8}") = "Domain", "Domain", "{120917DC-474C-448B-9EBB-1B3BA3A20B9D}"
EndProject
Project("{2150E333-8FDC-42A3-9474-1A3956D46DE8}") = "src", "src", "{AF21E067-3307-4E7F-8CE8-C695E6B61876}"
EndProject
Project("{2150E333-8FDC-42A3-9474-1A3956D46DE8}") = "test", "test", "{E9BDDCBE-A57D-4E3B-8252-708088386ADF}"
EndProject
Project("{9A19103F-16F7-4668-BE54-9A1E7A4F7556}") = "Ray.BiliBiliTool.Console", "src\Ray.BiliBiliTool.Console\Ray.BiliBiliTool.Console.csproj", "{DB227D60-0737-45C2-8CEA-F55FDA711301}"
EndProject
Project("{9A19103F-16F7-4668-BE54-9A1E7A4F7556}") = "ConfigTest", "test\ConfigTest\ConfigTest.csproj", "{114D45C8-E4BB-47EE-89AC-BD1DC6FA3BAD}"
EndProject
Project("{9A19103F-16F7-4668-BE54-9A1E7A4F7556}") = "DeserializeTest", "test\DeserializeTest\DeserializeTest.csproj", "{FDF17524-45D8-451A-99C7-A52D6D445FEF}"
EndProject
Project("{9A19103F-16F7-4668-BE54-9A1E7A4F7556}") = "LogTest", "test\LogTest\LogTest.csproj", "{2039BF6A-5EC4-439C-8D2E-77313075843A}"
EndProject
Project("{2150E333-8FDC-42A3-9474-1A3956D46DE8}") = "Infrastructure", "Infrastructure", "{110D3D21-8E9B-45AB-9667-6DA1DB3862AC}"
EndProject
Project("{9A19103F-16F7-4668-BE54-9A1E7A4F7556}") = "DailyTaskTest", "test\DailyTaskTest\DailyTaskTest.csproj", "{ECDB59B8-DD28-4C0D-8145-13629C3EA3B1}"
EndProject
Project("{9A19103F-16F7-4668-BE54-9A1E7A4F7556}") = "Ray.BiliBiliTool.Infrastructure", "src\Ray.BiliBiliTool.Infrastructure\Ray.BiliBiliTool.Infrastructure.csproj", "{7188698C-0A9A-43B2-B3E2-5136B14FDE13}"
EndProject
Project("{9A19103F-16F7-4668-BE54-9A1E7A4F7556}") = "Ray.BiliBiliTool.Application", "src\Ray.BiliBiliTool.Application\Ray.BiliBiliTool.Application.csproj", "{3388A58D-91CC-4875-A29F-3E6FC3B44BF5}"
EndProject
Project("{9A19103F-16F7-4668-BE54-9A1E7A4F7556}") = "Ray.BiliBiliTool.Application.Contracts", "src\Ray.BiliBiliTool.Application.Contracts\Ray.BiliBiliTool.Application.Contracts.csproj", "{B6AEDD60-9C06-4391-9171-65EBD5E9D77A}"
EndProject
Project("{9A19103F-16F7-4668-BE54-9A1E7A4F7556}") = "Ray.BiliBiliTool.Agent", "src\Ray.BiliBiliTool.Agent\Ray.BiliBiliTool.Agent.csproj", "{D5F9FBCE-31BE-4E80-93E2-183CF029431F}"
EndProject
Project("{9A19103F-16F7-4668-BE54-9A1E7A4F7556}") = "Ray.BiliBiliTool.Config", "src\Ray.BiliBiliTool.Config\Ray.BiliBiliTool.Config.csproj", "{191C48BD-5CB5-42CA-B394-7A4A9BFA6275}"
EndProject
Project("{9A19103F-16F7-4668-BE54-9A1E7A4F7556}") = "Ray.BiliBiliTool.DomainService", "src\Ray.BiliBiliTool.DomainService\Ray.BiliBiliTool.DomainService.csproj", "{7105652A-B1C1-4F9E-BA38-8034BC8B26B4}"
EndProject
Project("{2150E333-8FDC-42A3-9474-1A3956D46DE8}") = "Solution Items", "Solution Items", "{F3DE0D72-426B-4AD9-B3ED-3343CF4223F1}"
	ProjectSection(SolutionItems) = preProject
		.editorconfig = .editorconfig
		.gitignore = .gitignore
		clean.cmd = clean.cmd
		Dockerfile = Dockerfile
		LICENSE = LICENSE
		publish.bat = publish.bat
		README.md = README.md
	EndProjectSection
EndProject
Project("{9A19103F-16F7-4668-BE54-9A1E7A4F7556}") = "InfrastructureTest", "test\InfrastructureTest\InfrastructureTest.csproj", "{AE6A5DBE-E9EA-49C1-AB6C-7F01B2F19A8B}"
EndProject
Project("{2150E333-8FDC-42A3-9474-1A3956D46DE8}") = ".github", ".github", "{73DD457B-E06E-45ED-A6BA-7E3C02F8BDF1}"
	ProjectSection(SolutionItems) = preProject
		.github\pull.yml = .github\pull.yml
	EndProjectSection
EndProject
Project("{2150E333-8FDC-42A3-9474-1A3956D46DE8}") = "workflows", "workflows", "{61613EF4-3644-42D4-A620-70547291FB38}"
	ProjectSection(SolutionItems) = preProject
		.github\workflows\bilibili-daily-task.yml = .github\workflows\bilibili-daily-task.yml
		.github\workflows\publish-release.yml = .github\workflows\publish-release.yml
		.github\workflows\repo-sync.yml = .github\workflows\repo-sync.yml
	EndProjectSection
EndProject
Project("{2150E333-8FDC-42A3-9474-1A3956D46DE8}") = "docker", "docker", "{A93210FD-27B6-40E4-B08D-391F96CA2754}"
	ProjectSection(SolutionItems) = preProject
		docker\crontab = docker\crontab
		docker\entry.sh = docker\entry.sh
		docker\job.sh = docker\job.sh
		docker\README.md = docker\README.md
		docker\template.json = docker\template.json
	EndProjectSection
EndProject
Project("{9A19103F-16F7-4668-BE54-9A1E7A4F7556}") = "Ray.Serilog.Sinks.TelegramBatched", "src\Ray.Serilog.Sinks.TelegramBatched\Ray.Serilog.Sinks.TelegramBatched.csproj", "{CBBB7AB9-382E-47EA-A535-16D4930CBA98}"
EndProject
Project("{9A19103F-16F7-4668-BE54-9A1E7A4F7556}") = "Ray.Serilog.Sinks.ServerChanBatched", "src\Ray.Serilog.Sinks.ServerChanBatched\Ray.Serilog.Sinks.ServerChanBatched.csproj", "{38716C78-96BB-4C00-8C8A-A790E361147E}"
EndProject
Project("{9A19103F-16F7-4668-BE54-9A1E7A4F7556}") = "Ray.Serilog.Sinks.WorkWeiXinBatched", "src\Ray.Serilog.Sinks.WorkWeiXinBatched\Ray.Serilog.Sinks.WorkWeiXinBatched.csproj", "{9F2E70CF-0AD4-4B50-A37D-5CFD0EF8CC61}"
EndProject
Project("{2150E333-8FDC-42A3-9474-1A3956D46DE8}") = "Ray.Serilog.Sinks", "Ray.Serilog.Sinks", "{4BAFC980-7A73-45C3-9460-8B8CCB87939B}"
EndProject
Project("{9A19103F-16F7-4668-BE54-9A1E7A4F7556}") = "Ray.Serilog.Sinks.Batched", "src\Ray.Serilog.Sinks.Batched\Ray.Serilog.Sinks.Batched.csproj", "{A58F9F2E-AAEA-498A-8C61-7497E774AD77}"
EndProject
Project("{9A19103F-16F7-4668-BE54-9A1E7A4F7556}") = "Ray.Serilog.Sinks.DingTalkBatched", "src\Ray.Serilog.Sinks.DingTalkBatched\Ray.Serilog.Sinks.DingTalkBatched.csproj", "{99C07B4B-5CDE-4911-AE38-2F907F492657}"
EndProject
Project("{9A19103F-16F7-4668-BE54-9A1E7A4F7556}") = "Ray.Serilog.Sinks.CoolPushBatched", "src\Ray.Serilog.Sinks.CoolPushBatched\Ray.Serilog.Sinks.CoolPushBatched.csproj", "{FD68D999-43F6-4840-9EB7-4D71AC0A2A21}"
EndProject
Project("{FAE04EC0-301F-11D3-BF4B-00C04F79EFBC}") = "Ray.Serilog.Sinks.OtherApiBatched", "src\Ray.Serilog.Sinks.OtherApiBatched\Ray.Serilog.Sinks.OtherApiBatched.csproj", "{1F247ACA-12D3-4E71-B874-DE35DC042E68}"
EndProject
Global
	GlobalSection(SolutionConfigurationPlatforms) = preSolution
		Debug|Any CPU = Debug|Any CPU
		Release|Any CPU = Release|Any CPU
	EndGlobalSection
	GlobalSection(ProjectConfigurationPlatforms) = postSolution
		{DB227D60-0737-45C2-8CEA-F55FDA711301}.Debug|Any CPU.ActiveCfg = Debug|Any CPU
		{DB227D60-0737-45C2-8CEA-F55FDA711301}.Debug|Any CPU.Build.0 = Debug|Any CPU
		{DB227D60-0737-45C2-8CEA-F55FDA711301}.Release|Any CPU.ActiveCfg = Release|Any CPU
		{DB227D60-0737-45C2-8CEA-F55FDA711301}.Release|Any CPU.Build.0 = Release|Any CPU
		{114D45C8-E4BB-47EE-89AC-BD1DC6FA3BAD}.Debug|Any CPU.ActiveCfg = Debug|Any CPU
		{114D45C8-E4BB-47EE-89AC-BD1DC6FA3BAD}.Debug|Any CPU.Build.0 = Debug|Any CPU
		{114D45C8-E4BB-47EE-89AC-BD1DC6FA3BAD}.Release|Any CPU.ActiveCfg = Release|Any CPU
		{114D45C8-E4BB-47EE-89AC-BD1DC6FA3BAD}.Release|Any CPU.Build.0 = Release|Any CPU
		{FDF17524-45D8-451A-99C7-A52D6D445FEF}.Debug|Any CPU.ActiveCfg = Debug|Any CPU
		{FDF17524-45D8-451A-99C7-A52D6D445FEF}.Debug|Any CPU.Build.0 = Debug|Any CPU
		{FDF17524-45D8-451A-99C7-A52D6D445FEF}.Release|Any CPU.ActiveCfg = Release|Any CPU
		{FDF17524-45D8-451A-99C7-A52D6D445FEF}.Release|Any CPU.Build.0 = Release|Any CPU
		{2039BF6A-5EC4-439C-8D2E-77313075843A}.Debug|Any CPU.ActiveCfg = Debug|Any CPU
		{2039BF6A-5EC4-439C-8D2E-77313075843A}.Debug|Any CPU.Build.0 = Debug|Any CPU
		{2039BF6A-5EC4-439C-8D2E-77313075843A}.Release|Any CPU.ActiveCfg = Release|Any CPU
		{2039BF6A-5EC4-439C-8D2E-77313075843A}.Release|Any CPU.Build.0 = Release|Any CPU
		{ECDB59B8-DD28-4C0D-8145-13629C3EA3B1}.Debug|Any CPU.ActiveCfg = Debug|Any CPU
		{ECDB59B8-DD28-4C0D-8145-13629C3EA3B1}.Debug|Any CPU.Build.0 = Debug|Any CPU
		{ECDB59B8-DD28-4C0D-8145-13629C3EA3B1}.Release|Any CPU.ActiveCfg = Release|Any CPU
		{ECDB59B8-DD28-4C0D-8145-13629C3EA3B1}.Release|Any CPU.Build.0 = Release|Any CPU
		{7188698C-0A9A-43B2-B3E2-5136B14FDE13}.Debug|Any CPU.ActiveCfg = Debug|Any CPU
		{7188698C-0A9A-43B2-B3E2-5136B14FDE13}.Debug|Any CPU.Build.0 = Debug|Any CPU
		{7188698C-0A9A-43B2-B3E2-5136B14FDE13}.Release|Any CPU.ActiveCfg = Release|Any CPU
		{7188698C-0A9A-43B2-B3E2-5136B14FDE13}.Release|Any CPU.Build.0 = Release|Any CPU
		{3388A58D-91CC-4875-A29F-3E6FC3B44BF5}.Debug|Any CPU.ActiveCfg = Debug|Any CPU
		{3388A58D-91CC-4875-A29F-3E6FC3B44BF5}.Debug|Any CPU.Build.0 = Debug|Any CPU
		{3388A58D-91CC-4875-A29F-3E6FC3B44BF5}.Release|Any CPU.ActiveCfg = Release|Any CPU
		{3388A58D-91CC-4875-A29F-3E6FC3B44BF5}.Release|Any CPU.Build.0 = Release|Any CPU
		{B6AEDD60-9C06-4391-9171-65EBD5E9D77A}.Debug|Any CPU.ActiveCfg = Debug|Any CPU
		{B6AEDD60-9C06-4391-9171-65EBD5E9D77A}.Debug|Any CPU.Build.0 = Debug|Any CPU
		{B6AEDD60-9C06-4391-9171-65EBD5E9D77A}.Release|Any CPU.ActiveCfg = Release|Any CPU
		{B6AEDD60-9C06-4391-9171-65EBD5E9D77A}.Release|Any CPU.Build.0 = Release|Any CPU
		{D5F9FBCE-31BE-4E80-93E2-183CF029431F}.Debug|Any CPU.ActiveCfg = Debug|Any CPU
		{D5F9FBCE-31BE-4E80-93E2-183CF029431F}.Debug|Any CPU.Build.0 = Debug|Any CPU
		{D5F9FBCE-31BE-4E80-93E2-183CF029431F}.Release|Any CPU.ActiveCfg = Release|Any CPU
		{D5F9FBCE-31BE-4E80-93E2-183CF029431F}.Release|Any CPU.Build.0 = Release|Any CPU
		{191C48BD-5CB5-42CA-B394-7A4A9BFA6275}.Debug|Any CPU.ActiveCfg = Debug|Any CPU
		{191C48BD-5CB5-42CA-B394-7A4A9BFA6275}.Debug|Any CPU.Build.0 = Debug|Any CPU
		{191C48BD-5CB5-42CA-B394-7A4A9BFA6275}.Release|Any CPU.ActiveCfg = Release|Any CPU
		{191C48BD-5CB5-42CA-B394-7A4A9BFA6275}.Release|Any CPU.Build.0 = Release|Any CPU
		{7105652A-B1C1-4F9E-BA38-8034BC8B26B4}.Debug|Any CPU.ActiveCfg = Debug|Any CPU
		{7105652A-B1C1-4F9E-BA38-8034BC8B26B4}.Debug|Any CPU.Build.0 = Debug|Any CPU
		{7105652A-B1C1-4F9E-BA38-8034BC8B26B4}.Release|Any CPU.ActiveCfg = Release|Any CPU
		{7105652A-B1C1-4F9E-BA38-8034BC8B26B4}.Release|Any CPU.Build.0 = Release|Any CPU
		{AE6A5DBE-E9EA-49C1-AB6C-7F01B2F19A8B}.Debug|Any CPU.ActiveCfg = Debug|Any CPU
		{AE6A5DBE-E9EA-49C1-AB6C-7F01B2F19A8B}.Debug|Any CPU.Build.0 = Debug|Any CPU
		{AE6A5DBE-E9EA-49C1-AB6C-7F01B2F19A8B}.Release|Any CPU.ActiveCfg = Release|Any CPU
		{AE6A5DBE-E9EA-49C1-AB6C-7F01B2F19A8B}.Release|Any CPU.Build.0 = Release|Any CPU
		{CBBB7AB9-382E-47EA-A535-16D4930CBA98}.Debug|Any CPU.ActiveCfg = Debug|Any CPU
		{CBBB7AB9-382E-47EA-A535-16D4930CBA98}.Debug|Any CPU.Build.0 = Debug|Any CPU
		{CBBB7AB9-382E-47EA-A535-16D4930CBA98}.Release|Any CPU.ActiveCfg = Release|Any CPU
		{CBBB7AB9-382E-47EA-A535-16D4930CBA98}.Release|Any CPU.Build.0 = Release|Any CPU
		{38716C78-96BB-4C00-8C8A-A790E361147E}.Debug|Any CPU.ActiveCfg = Debug|Any CPU
		{38716C78-96BB-4C00-8C8A-A790E361147E}.Debug|Any CPU.Build.0 = Debug|Any CPU
		{38716C78-96BB-4C00-8C8A-A790E361147E}.Release|Any CPU.ActiveCfg = Release|Any CPU
		{38716C78-96BB-4C00-8C8A-A790E361147E}.Release|Any CPU.Build.0 = Release|Any CPU
		{9F2E70CF-0AD4-4B50-A37D-5CFD0EF8CC61}.Debug|Any CPU.ActiveCfg = Debug|Any CPU
		{9F2E70CF-0AD4-4B50-A37D-5CFD0EF8CC61}.Debug|Any CPU.Build.0 = Debug|Any CPU
		{9F2E70CF-0AD4-4B50-A37D-5CFD0EF8CC61}.Release|Any CPU.ActiveCfg = Release|Any CPU
		{9F2E70CF-0AD4-4B50-A37D-5CFD0EF8CC61}.Release|Any CPU.Build.0 = Release|Any CPU
		{A58F9F2E-AAEA-498A-8C61-7497E774AD77}.Debug|Any CPU.ActiveCfg = Debug|Any CPU
		{A58F9F2E-AAEA-498A-8C61-7497E774AD77}.Debug|Any CPU.Build.0 = Debug|Any CPU
		{A58F9F2E-AAEA-498A-8C61-7497E774AD77}.Release|Any CPU.ActiveCfg = Release|Any CPU
		{A58F9F2E-AAEA-498A-8C61-7497E774AD77}.Release|Any CPU.Build.0 = Release|Any CPU
		{99C07B4B-5CDE-4911-AE38-2F907F492657}.Debug|Any CPU.ActiveCfg = Debug|Any CPU
		{99C07B4B-5CDE-4911-AE38-2F907F492657}.Debug|Any CPU.Build.0 = Debug|Any CPU
		{99C07B4B-5CDE-4911-AE38-2F907F492657}.Release|Any CPU.ActiveCfg = Release|Any CPU
		{99C07B4B-5CDE-4911-AE38-2F907F492657}.Release|Any CPU.Build.0 = Release|Any CPU
		{FD68D999-43F6-4840-9EB7-4D71AC0A2A21}.Debug|Any CPU.ActiveCfg = Debug|Any CPU
		{FD68D999-43F6-4840-9EB7-4D71AC0A2A21}.Debug|Any CPU.Build.0 = Debug|Any CPU
		{FD68D999-43F6-4840-9EB7-4D71AC0A2A21}.Release|Any CPU.ActiveCfg = Release|Any CPU
		{FD68D999-43F6-4840-9EB7-4D71AC0A2A21}.Release|Any CPU.Build.0 = Release|Any CPU
		{1F247ACA-12D3-4E71-B874-DE35DC042E68}.Debug|Any CPU.ActiveCfg = Debug|Any CPU
		{1F247ACA-12D3-4E71-B874-DE35DC042E68}.Debug|Any CPU.Build.0 = Debug|Any CPU
		{1F247ACA-12D3-4E71-B874-DE35DC042E68}.Release|Any CPU.ActiveCfg = Release|Any CPU
		{1F247ACA-12D3-4E71-B874-DE35DC042E68}.Release|Any CPU.Build.0 = Release|Any CPU
	EndGlobalSection
	GlobalSection(SolutionProperties) = preSolution
		HideSolutionNode = FALSE
	EndGlobalSection
	GlobalSection(NestedProjects) = preSolution
		{38736647-2196-417E-8519-C48A012A63D9} = {AF21E067-3307-4E7F-8CE8-C695E6B61876}
		{98051127-2868-4F5C-9B2C-2150975E05F3} = {AF21E067-3307-4E7F-8CE8-C695E6B61876}
		{120917DC-474C-448B-9EBB-1B3BA3A20B9D} = {AF21E067-3307-4E7F-8CE8-C695E6B61876}
		{DB227D60-0737-45C2-8CEA-F55FDA711301} = {38736647-2196-417E-8519-C48A012A63D9}
		{114D45C8-E4BB-47EE-89AC-BD1DC6FA3BAD} = {E9BDDCBE-A57D-4E3B-8252-708088386ADF}
		{FDF17524-45D8-451A-99C7-A52D6D445FEF} = {E9BDDCBE-A57D-4E3B-8252-708088386ADF}
		{2039BF6A-5EC4-439C-8D2E-77313075843A} = {E9BDDCBE-A57D-4E3B-8252-708088386ADF}
		{110D3D21-8E9B-45AB-9667-6DA1DB3862AC} = {AF21E067-3307-4E7F-8CE8-C695E6B61876}
		{ECDB59B8-DD28-4C0D-8145-13629C3EA3B1} = {E9BDDCBE-A57D-4E3B-8252-708088386ADF}
		{7188698C-0A9A-43B2-B3E2-5136B14FDE13} = {110D3D21-8E9B-45AB-9667-6DA1DB3862AC}
		{3388A58D-91CC-4875-A29F-3E6FC3B44BF5} = {98051127-2868-4F5C-9B2C-2150975E05F3}
		{B6AEDD60-9C06-4391-9171-65EBD5E9D77A} = {98051127-2868-4F5C-9B2C-2150975E05F3}
		{D5F9FBCE-31BE-4E80-93E2-183CF029431F} = {120917DC-474C-448B-9EBB-1B3BA3A20B9D}
		{191C48BD-5CB5-42CA-B394-7A4A9BFA6275} = {120917DC-474C-448B-9EBB-1B3BA3A20B9D}
		{7105652A-B1C1-4F9E-BA38-8034BC8B26B4} = {120917DC-474C-448B-9EBB-1B3BA3A20B9D}
		{AE6A5DBE-E9EA-49C1-AB6C-7F01B2F19A8B} = {E9BDDCBE-A57D-4E3B-8252-708088386ADF}
		{73DD457B-E06E-45ED-A6BA-7E3C02F8BDF1} = {F3DE0D72-426B-4AD9-B3ED-3343CF4223F1}
		{61613EF4-3644-42D4-A620-70547291FB38} = {73DD457B-E06E-45ED-A6BA-7E3C02F8BDF1}
		{A93210FD-27B6-40E4-B08D-391F96CA2754} = {F3DE0D72-426B-4AD9-B3ED-3343CF4223F1}
		{CBBB7AB9-382E-47EA-A535-16D4930CBA98} = {4BAFC980-7A73-45C3-9460-8B8CCB87939B}
		{38716C78-96BB-4C00-8C8A-A790E361147E} = {4BAFC980-7A73-45C3-9460-8B8CCB87939B}
		{9F2E70CF-0AD4-4B50-A37D-5CFD0EF8CC61} = {4BAFC980-7A73-45C3-9460-8B8CCB87939B}
		{4BAFC980-7A73-45C3-9460-8B8CCB87939B} = {110D3D21-8E9B-45AB-9667-6DA1DB3862AC}
		{A58F9F2E-AAEA-498A-8C61-7497E774AD77} = {4BAFC980-7A73-45C3-9460-8B8CCB87939B}
		{99C07B4B-5CDE-4911-AE38-2F907F492657} = {4BAFC980-7A73-45C3-9460-8B8CCB87939B}
		{FD68D999-43F6-4840-9EB7-4D71AC0A2A21} = {4BAFC980-7A73-45C3-9460-8B8CCB87939B}
		{1F247ACA-12D3-4E71-B874-DE35DC042E68} = {4BAFC980-7A73-45C3-9460-8B8CCB87939B}
	EndGlobalSection
	GlobalSection(ExtensibilityGlobals) = postSolution
		SolutionGuid = {197319DA-1148-4A99-847C-8B270B6A29AB}
	EndGlobalSection
EndGlobal
