
Microsoft Visual Studio Solution File, Format Version 12.00
# Visual Studio Version 17
VisualStudioVersion = 17.0.32112.339
MinimumVisualStudioVersion = 10.0.40219.1
Project("{2150E333-8FDC-42A3-9474-1A3956D46DE8}") = "UI", "UI", "{38736647-2196-417E-8519-C48A012A63D9}"
EndProject
Project("{2150E333-8FDC-42A3-9474-1A3956D46DE8}") = "Application", "Application", "{98051127-2868-4F5C-9B2C-2150975E05F3}"
EndProject
Project("{2150E333-8FDC-42A3-9474-1A3956D46DE8}") = "Domain", "Domain", "{120917DC-474C-448B-9EBB-1B3BA3A20B9D}"
EndProject
Project("{2150E333-8FDC-42A3-9474-1A3956D46DE8}") = "src", "src", "{AF21E067-3307-4E7F-8CE8-C695E6B61876}"
EndProject
Project("{2150E333-8FDC-42A3-9474-1A3956D46DE8}") = "test", "test", "{E9BDDCBE-A57D-4E3B-8252-708088386ADF}"
EndProject
Project("{9A19103F-16F7-4668-BE54-9A1E7A4F7556}") = "Ray.BiliBiliTool.Console", "src\Ray.BiliBiliTool.Console\Ray.BiliBiliTool.Console.csproj", "{DB227D60-0737-45C2-8CEA-F55FDA711301}"
EndProject
Project("{9A19103F-16F7-4668-BE54-9A1E7A4F7556}") = "ConfigTest", "test\ConfigTest\ConfigTest.csproj", "{114D45C8-E4BB-47EE-89AC-BD1DC6FA3BAD}"
EndProject
Project("{9A19103F-16F7-4668-BE54-9A1E7A4F7556}") = "LogTest", "test\LogTest\LogTest.csproj", "{2039BF6A-5EC4-439C-8D2E-77313075843A}"
EndProject
Project("{2150E333-8FDC-42A3-9474-1A3956D46DE8}") = "Infrastructure", "Infrastructure", "{110D3D21-8E9B-45AB-9667-6DA1DB3862AC}"
EndProject
Project("{9A19103F-16F7-4668-BE54-9A1E7A4F7556}") = "Ray.BiliBiliTool.Infrastructure", "src\Ray.BiliBiliTool.Infrastructure\Ray.BiliBiliTool.Infrastructure.csproj", "{7188698C-0A9A-43B2-B3E2-5136B14FDE13}"
EndProject
Project("{9A19103F-16F7-4668-BE54-9A1E7A4F7556}") = "Ray.BiliBiliTool.Application", "src\Ray.BiliBiliTool.Application\Ray.BiliBiliTool.Application.csproj", "{3388A58D-91CC-4875-A29F-3E6FC3B44BF5}"
EndProject
Project("{9A19103F-16F7-4668-BE54-9A1E7A4F7556}") = "Ray.BiliBiliTool.Application.Contracts", "src\Ray.BiliBiliTool.Application.Contracts\Ray.BiliBiliTool.Application.Contracts.csproj", "{B6AEDD60-9C06-4391-9171-65EBD5E9D77A}"
EndProject
Project("{9A19103F-16F7-4668-BE54-9A1E7A4F7556}") = "Ray.BiliBiliTool.Agent", "src\Ray.BiliBiliTool.Agent\Ray.BiliBiliTool.Agent.csproj", "{D5F9FBCE-31BE-4E80-93E2-183CF029431F}"
EndProject
Project("{9A19103F-16F7-4668-BE54-9A1E7A4F7556}") = "Ray.BiliBiliTool.Config", "src\Ray.BiliBiliTool.Config\Ray.BiliBiliTool.Config.csproj", "{191C48BD-5CB5-42CA-B394-7A4A9BFA6275}"
EndProject
Project("{9A19103F-16F7-4668-BE54-9A1E7A4F7556}") = "Ray.BiliBiliTool.DomainService", "src\Ray.BiliBiliTool.DomainService\Ray.BiliBiliTool.DomainService.csproj", "{7105652A-B1C1-4F9E-BA38-8034BC8B26B4}"
EndProject
Project("{2150E333-8FDC-42A3-9474-1A3956D46DE8}") = "Solution Items", "Solution Items", "{F3DE0D72-426B-4AD9-B3ED-3343CF4223F1}"
	ProjectSection(SolutionItems) = preProject
		.dockerignore = .dockerignore
		.editorconfig = .editorconfig
		.gitignore = .gitignore
		CHANGELOG.md = CHANGELOG.md
		common.props = common.props
		Dockerfile = Dockerfile
		LICENSE = LICENSE
		publish.bat = publish.bat
		README.md = README.md
	EndProjectSection
EndProject
Project("{2150E333-8FDC-42A3-9474-1A3956D46DE8}") = ".github", ".github", "{73DD457B-E06E-45ED-A6BA-7E3C02F8BDF1}"
	ProjectSection(SolutionItems) = preProject
		.github\pull.yml = .github\pull.yml
		.github\PULL_REQUEST_TEMPLATE.md = .github\PULL_REQUEST_TEMPLATE.md
	EndProjectSection
EndProject
Project("{2150E333-8FDC-42A3-9474-1A3956D46DE8}") = "workflows", "workflows", "{61613EF4-3644-42D4-A620-70547291FB38}"
	ProjectSection(SolutionItems) = preProject
		.github\workflows\auto-close-pr.yml = .github\workflows\auto-close-pr.yml
		.github\workflows\auto-deploy-tencent-scf.yml = .github\workflows\auto-deploy-tencent-scf.yml
		.github\workflows\codeql-analysis.yml = .github\workflows\codeql-analysis.yml
		.github\workflows\publish-image.yml = .github\workflows\publish-image.yml
		.github\workflows\publish-release.yml = .github\workflows\publish-release.yml
		.github\workflows\repo-sync.yml = .github\workflows\repo-sync.yml
		.github\workflows\tag.yml = .github\workflows\tag.yml
	EndProjectSection
EndProject
Project("{2150E333-8FDC-42A3-9474-1A3956D46DE8}") = "docker", "docker", "{A93210FD-27B6-40E4-B08D-391F96CA2754}"
	ProjectSection(SolutionItems) = preProject
		docker\crontab = docker\crontab
		docker\entry.sh = docker\entry.sh
		docker\README.md = docker\README.md
	EndProjectSection
EndProject
Project("{2150E333-8FDC-42A3-9474-1A3956D46DE8}") = "sample", "sample", "{2F1CB892-336C-4672-8A0A-FBAEB4B9EA8A}"
	ProjectSection(SolutionItems) = preProject
		docker\sample\docker-compose.yml = docker\sample\docker-compose.yml
	EndProjectSection
EndProject
Project("{2150E333-8FDC-42A3-9474-1A3956D46DE8}") = "docs", "docs", "{C0173851-1515-4BE1-A018-84E0B64A6877}"
	ProjectSection(SolutionItems) = preProject
		docs\configuration.md = docs\configuration.md
		docs\donate-list.md = docs\donate-list.md
		docs\questions.md = docs\questions.md
	EndProjectSection
EndProject
Project("{2150E333-8FDC-42A3-9474-1A3956D46DE8}") = "tencentScf", "tencentScf", "{DD86F293-AE70-46CF-837C-8870D8F51237}"
	ProjectSection(SolutionItems) = preProject
		tencentScf\bootstrap = tencentScf\bootstrap
		tencentScf\index.sh = tencentScf\index.sh
		tencentScf\publish.bat = tencentScf\publish.bat
		tencentScf\publish.sh = tencentScf\publish.sh
		tencentScf\README.md = tencentScf\README.md
		tencentScf\serverless.yml = tencentScf\serverless.yml
	EndProjectSection
EndProject
Project("{2150E333-8FDC-42A3-9474-1A3956D46DE8}") = "qinglong", "qinglong", "{1C6CC38A-A5D5-41EF-9072-70AEEEA211F7}"
	ProjectSection(SolutionItems) = preProject
		qinglong\dotnet-install.sh = qinglong\dotnet-install.sh
		qinglong\extra.sh = qinglong\extra.sh
		qinglong\ray-dotnet-install.sh = qinglong\ray-dotnet-install.sh
		qinglong\README.md = qinglong\README.md
	EndProjectSection
EndProject
Project("{2150E333-8FDC-42A3-9474-1A3956D46DE8}") = "DefaultTasks", "DefaultTasks", "{DE60A16C-CA3B-45E9-8A9D-0E91ACEBDEE0}"
	ProjectSection(SolutionItems) = preProject
		qinglong\DefaultTasks\bili_dev_task_daily.sh = qinglong\DefaultTasks\bili_dev_task_daily.sh
		qinglong\DefaultTasks\bili_dev_task_liveLottery.sh = qinglong\DefaultTasks\bili_dev_task_liveLottery.sh
		qinglong\DefaultTasks\bili_dev_task_test.sh = qinglong\DefaultTasks\bili_dev_task_test.sh
		qinglong\DefaultTasks\bili_dev_task_unfollowBatched.sh = qinglong\DefaultTasks\bili_dev_task_unfollowBatched.sh
		qinglong\DefaultTasks\bili_task_daily.sh = qinglong\DefaultTasks\bili_task_daily.sh
		qinglong\DefaultTasks\bili_task_liveLottery.sh = qinglong\DefaultTasks\bili_task_liveLottery.sh
		qinglong\DefaultTasks\bili_task_test.sh = qinglong\DefaultTasks\bili_task_test.sh
		qinglong\DefaultTasks\bili_task_unfollowBatched.sh = qinglong\DefaultTasks\bili_task_unfollowBatched.sh
	EndProjectSection
EndProject
Project("{2150E333-8FDC-42A3-9474-1A3956D46DE8}") = "ISSUE_TEMPLATE", "ISSUE_TEMPLATE", "{830361B7-BCC1-4853-879A-761B0FD86826}"
	ProjectSection(SolutionItems) = preProject
		.github\ISSUE_TEMPLATE\bug-report----.md = .github\ISSUE_TEMPLATE\bug-report----.md
		.github\ISSUE_TEMPLATE\bug-report-qinglong----.md = .github\ISSUE_TEMPLATE\bug-report-qinglong----.md
		.github\ISSUE_TEMPLATE\feature-request----.md = .github\ISSUE_TEMPLATE\feature-request----.md
		.github\ISSUE_TEMPLATE\other----.md = .github\ISSUE_TEMPLATE\other----.md
	EndProjectSection
EndProject
Project("{9A19103F-16F7-4668-BE54-9A1E7A4F7556}") = "BiliAgentTest", "test\BiliAgentTest\BiliAgentTest.csproj", "{F6B8ED3A-5428-4D26-8172-8B41FBF0C4CF}"
EndProject
Project("{2150E333-8FDC-42A3-9474-1A3956D46DE8}") = "build", "build", "{75A9CC5C-DF92-4D72-A14C-625AA902855B}"
	ProjectSection(SolutionItems) = preProject
		docker\build\buildAndPushImage_multiArch.cmd = docker\build\buildAndPushImage_multiArch.cmd
		docker\build\buildImage.cmd = docker\build\buildImage.cmd
		docker\build\buildImage_amd64.cmd = docker\build\buildImage_amd64.cmd
		docker\build\buildImage_arm64.cmd = docker\build\buildImage_arm64.cmd
	EndProjectSection
EndProject
Project("{9A19103F-16F7-4668-BE54-9A1E7A4F7556}") = "AppServiceTest", "test\AppServiceTest\AppServiceTest.csproj", "{1D9DFF34-71EA-44AE-85B0-1F10C9BA0D81}"
EndProject
Project("{9A19103F-16F7-4668-BE54-9A1E7A4F7556}") = "DomainServiceTest", "test\DomainServiceTest\DomainServiceTest.csproj", "{26B21C30-7358-4E7B-A73E-2272F10A6CA8}"
EndProject
Project("{9A19103F-16F7-4668-BE54-9A1E7A4F7556}") = "InfrastructureTest", "test\InfrastructureTest\InfrastructureTest.csproj", "{90C1DB73-B3DB-4BE5-AD1A-5248FE47860E}"
EndProject
Project("{9A19103F-16F7-4668-BE54-9A1E7A4F7556}") = "Ray.BiliBiliTool.Agent.FunctionalTests", "test\Ray.BiliBiliTool.Agent.FunctionalTests\Ray.BiliBiliTool.Agent.FunctionalTests.csproj", "{16F315CF-056A-4B08-8C3C-A3177EA3CBB9}"
EndProject
Project("{2150E333-8FDC-42A3-9474-1A3956D46DE8}") = "scripts", "scripts", "{2B5FD099-CC28-4FBC-9F20-F20300C5DFD2}"
	ProjectSection(SolutionItems) = preProject
		scripts\clean.cmd = scripts\clean.cmd
		scripts\publish.bat = scripts\publish.bat
		scripts\publish.ps1 = scripts\publish.ps1
		scripts\publish.sh = scripts\publish.sh
		scripts\ut.ps1 = scripts\ut.ps1
	EndProjectSection
EndProject
Global
	GlobalSection(SolutionConfigurationPlatforms) = preSolution
		Debug|Any CPU = Debug|Any CPU
		Release|Any CPU = Release|Any CPU
	EndGlobalSection
	GlobalSection(ProjectConfigurationPlatforms) = postSolution
		{DB227D60-0737-45C2-8CEA-F55FDA711301}.Debug|Any CPU.ActiveCfg = Debug|Any CPU
		{DB227D60-0737-45C2-8CEA-F55FDA711301}.Debug|Any CPU.Build.0 = Debug|Any CPU
		{DB227D60-0737-45C2-8CEA-F55FDA711301}.Release|Any CPU.ActiveCfg = Release|Any CPU
		{DB227D60-0737-45C2-8CEA-F55FDA711301}.Release|Any CPU.Build.0 = Release|Any CPU
		{114D45C8-E4BB-47EE-89AC-BD1DC6FA3BAD}.Debug|Any CPU.ActiveCfg = Debug|Any CPU
		{114D45C8-E4BB-47EE-89AC-BD1DC6FA3BAD}.Debug|Any CPU.Build.0 = Debug|Any CPU
		{114D45C8-E4BB-47EE-89AC-BD1DC6FA3BAD}.Release|Any CPU.ActiveCfg = Release|Any CPU
		{114D45C8-E4BB-47EE-89AC-BD1DC6FA3BAD}.Release|Any CPU.Build.0 = Release|Any CPU
		{2039BF6A-5EC4-439C-8D2E-77313075843A}.Debug|Any CPU.ActiveCfg = Debug|Any CPU
		{2039BF6A-5EC4-439C-8D2E-77313075843A}.Debug|Any CPU.Build.0 = Debug|Any CPU
		{2039BF6A-5EC4-439C-8D2E-77313075843A}.Release|Any CPU.ActiveCfg = Release|Any CPU
		{2039BF6A-5EC4-439C-8D2E-77313075843A}.Release|Any CPU.Build.0 = Release|Any CPU
		{7188698C-0A9A-43B2-B3E2-5136B14FDE13}.Debug|Any CPU.ActiveCfg = Debug|Any CPU
		{7188698C-0A9A-43B2-B3E2-5136B14FDE13}.Debug|Any CPU.Build.0 = Debug|Any CPU
		{7188698C-0A9A-43B2-B3E2-5136B14FDE13}.Release|Any CPU.ActiveCfg = Release|Any CPU
		{7188698C-0A9A-43B2-B3E2-5136B14FDE13}.Release|Any CPU.Build.0 = Release|Any CPU
		{3388A58D-91CC-4875-A29F-3E6FC3B44BF5}.Debug|Any CPU.ActiveCfg = Debug|Any CPU
		{3388A58D-91CC-4875-A29F-3E6FC3B44BF5}.Debug|Any CPU.Build.0 = Debug|Any CPU
		{3388A58D-91CC-4875-A29F-3E6FC3B44BF5}.Release|Any CPU.ActiveCfg = Release|Any CPU
		{3388A58D-91CC-4875-A29F-3E6FC3B44BF5}.Release|Any CPU.Build.0 = Release|Any CPU
		{B6AEDD60-9C06-4391-9171-65EBD5E9D77A}.Debug|Any CPU.ActiveCfg = Debug|Any CPU
		{B6AEDD60-9C06-4391-9171-65EBD5E9D77A}.Debug|Any CPU.Build.0 = Debug|Any CPU
		{B6AEDD60-9C06-4391-9171-65EBD5E9D77A}.Release|Any CPU.ActiveCfg = Release|Any CPU
		{B6AEDD60-9C06-4391-9171-65EBD5E9D77A}.Release|Any CPU.Build.0 = Release|Any CPU
		{D5F9FBCE-31BE-4E80-93E2-183CF029431F}.Debug|Any CPU.ActiveCfg = Debug|Any CPU
		{D5F9FBCE-31BE-4E80-93E2-183CF029431F}.Debug|Any CPU.Build.0 = Debug|Any CPU
		{D5F9FBCE-31BE-4E80-93E2-183CF029431F}.Release|Any CPU.ActiveCfg = Release|Any CPU
		{D5F9FBCE-31BE-4E80-93E2-183CF029431F}.Release|Any CPU.Build.0 = Release|Any CPU
		{191C48BD-5CB5-42CA-B394-7A4A9BFA6275}.Debug|Any CPU.ActiveCfg = Debug|Any CPU
		{191C48BD-5CB5-42CA-B394-7A4A9BFA6275}.Debug|Any CPU.Build.0 = Debug|Any CPU
		{191C48BD-5CB5-42CA-B394-7A4A9BFA6275}.Release|Any CPU.ActiveCfg = Release|Any CPU
		{191C48BD-5CB5-42CA-B394-7A4A9BFA6275}.Release|Any CPU.Build.0 = Release|Any CPU
		{7105652A-B1C1-4F9E-BA38-8034BC8B26B4}.Debug|Any CPU.ActiveCfg = Debug|Any CPU
		{7105652A-B1C1-4F9E-BA38-8034BC8B26B4}.Debug|Any CPU.Build.0 = Debug|Any CPU
		{7105652A-B1C1-4F9E-BA38-8034BC8B26B4}.Release|Any CPU.ActiveCfg = Release|Any CPU
		{7105652A-B1C1-4F9E-BA38-8034BC8B26B4}.Release|Any CPU.Build.0 = Release|Any CPU
		{F6B8ED3A-5428-4D26-8172-8B41FBF0C4CF}.Debug|Any CPU.ActiveCfg = Debug|Any CPU
		{F6B8ED3A-5428-4D26-8172-8B41FBF0C4CF}.Debug|Any CPU.Build.0 = Debug|Any CPU
		{F6B8ED3A-5428-4D26-8172-8B41FBF0C4CF}.Release|Any CPU.ActiveCfg = Release|Any CPU
		{F6B8ED3A-5428-4D26-8172-8B41FBF0C4CF}.Release|Any CPU.Build.0 = Release|Any CPU
		{1D9DFF34-71EA-44AE-85B0-1F10C9BA0D81}.Debug|Any CPU.ActiveCfg = Debug|Any CPU
		{1D9DFF34-71EA-44AE-85B0-1F10C9BA0D81}.Debug|Any CPU.Build.0 = Debug|Any CPU
		{1D9DFF34-71EA-44AE-85B0-1F10C9BA0D81}.Release|Any CPU.ActiveCfg = Release|Any CPU
		{1D9DFF34-71EA-44AE-85B0-1F10C9BA0D81}.Release|Any CPU.Build.0 = Release|Any CPU
		{26B21C30-7358-4E7B-A73E-2272F10A6CA8}.Debug|Any CPU.ActiveCfg = Debug|Any CPU
		{26B21C30-7358-4E7B-A73E-2272F10A6CA8}.Debug|Any CPU.Build.0 = Debug|Any CPU
		{26B21C30-7358-4E7B-A73E-2272F10A6CA8}.Release|Any CPU.ActiveCfg = Release|Any CPU
		{26B21C30-7358-4E7B-A73E-2272F10A6CA8}.Release|Any CPU.Build.0 = Release|Any CPU
		{90C1DB73-B3DB-4BE5-AD1A-5248FE47860E}.Debug|Any CPU.ActiveCfg = Debug|Any CPU
		{90C1DB73-B3DB-4BE5-AD1A-5248FE47860E}.Debug|Any CPU.Build.0 = Debug|Any CPU
		{90C1DB73-B3DB-4BE5-AD1A-5248FE47860E}.Release|Any CPU.ActiveCfg = Release|Any CPU
		{90C1DB73-B3DB-4BE5-AD1A-5248FE47860E}.Release|Any CPU.Build.0 = Release|Any CPU
		{16F315CF-056A-4B08-8C3C-A3177EA3CBB9}.Debug|Any CPU.ActiveCfg = Debug|Any CPU
		{16F315CF-056A-4B08-8C3C-A3177EA3CBB9}.Debug|Any CPU.Build.0 = Debug|Any CPU
		{16F315CF-056A-4B08-8C3C-A3177EA3CBB9}.Release|Any CPU.ActiveCfg = Release|Any CPU
		{16F315CF-056A-4B08-8C3C-A3177EA3CBB9}.Release|Any CPU.Build.0 = Release|Any CPU
	EndGlobalSection
	GlobalSection(SolutionProperties) = preSolution
		HideSolutionNode = FALSE
	EndGlobalSection
	GlobalSection(NestedProjects) = preSolution
		{38736647-2196-417E-8519-C48A012A63D9} = {AF21E067-3307-4E7F-8CE8-C695E6B61876}
		{98051127-2868-4F5C-9B2C-2150975E05F3} = {AF21E067-3307-4E7F-8CE8-C695E6B61876}
		{120917DC-474C-448B-9EBB-1B3BA3A20B9D} = {AF21E067-3307-4E7F-8CE8-C695E6B61876}
		{DB227D60-0737-45C2-8CEA-F55FDA711301} = {38736647-2196-417E-8519-C48A012A63D9}
		{114D45C8-E4BB-47EE-89AC-BD1DC6FA3BAD} = {E9BDDCBE-A57D-4E3B-8252-708088386ADF}
		{2039BF6A-5EC4-439C-8D2E-77313075843A} = {E9BDDCBE-A57D-4E3B-8252-708088386ADF}
		{110D3D21-8E9B-45AB-9667-6DA1DB3862AC} = {AF21E067-3307-4E7F-8CE8-C695E6B61876}
		{7188698C-0A9A-43B2-B3E2-5136B14FDE13} = {110D3D21-8E9B-45AB-9667-6DA1DB3862AC}
		{3388A58D-91CC-4875-A29F-3E6FC3B44BF5} = {98051127-2868-4F5C-9B2C-2150975E05F3}
		{B6AEDD60-9C06-4391-9171-65EBD5E9D77A} = {98051127-2868-4F5C-9B2C-2150975E05F3}
		{D5F9FBCE-31BE-4E80-93E2-183CF029431F} = {120917DC-474C-448B-9EBB-1B3BA3A20B9D}
		{191C48BD-5CB5-42CA-B394-7A4A9BFA6275} = {120917DC-474C-448B-9EBB-1B3BA3A20B9D}
		{7105652A-B1C1-4F9E-BA38-8034BC8B26B4} = {120917DC-474C-448B-9EBB-1B3BA3A20B9D}
		{73DD457B-E06E-45ED-A6BA-7E3C02F8BDF1} = {F3DE0D72-426B-4AD9-B3ED-3343CF4223F1}
		{61613EF4-3644-42D4-A620-70547291FB38} = {73DD457B-E06E-45ED-A6BA-7E3C02F8BDF1}
		{A93210FD-27B6-40E4-B08D-391F96CA2754} = {F3DE0D72-426B-4AD9-B3ED-3343CF4223F1}
		{2F1CB892-336C-4672-8A0A-FBAEB4B9EA8A} = {A93210FD-27B6-40E4-B08D-391F96CA2754}
		{DD86F293-AE70-46CF-837C-8870D8F51237} = {F3DE0D72-426B-4AD9-B3ED-3343CF4223F1}
		{1C6CC38A-A5D5-41EF-9072-70AEEEA211F7} = {F3DE0D72-426B-4AD9-B3ED-3343CF4223F1}
		{DE60A16C-CA3B-45E9-8A9D-0E91ACEBDEE0} = {1C6CC38A-A5D5-41EF-9072-70AEEEA211F7}
		{830361B7-BCC1-4853-879A-761B0FD86826} = {73DD457B-E06E-45ED-A6BA-7E3C02F8BDF1}
		{F6B8ED3A-5428-4D26-8172-8B41FBF0C4CF} = {E9BDDCBE-A57D-4E3B-8252-708088386ADF}
		{75A9CC5C-DF92-4D72-A14C-625AA902855B} = {A93210FD-27B6-40E4-B08D-391F96CA2754}
		{1D9DFF34-71EA-44AE-85B0-1F10C9BA0D81} = {E9BDDCBE-A57D-4E3B-8252-708088386ADF}
		{26B21C30-7358-4E7B-A73E-2272F10A6CA8} = {E9BDDCBE-A57D-4E3B-8252-708088386ADF}
		{90C1DB73-B3DB-4BE5-AD1A-5248FE47860E} = {E9BDDCBE-A57D-4E3B-8252-708088386ADF}
		{16F315CF-056A-4B08-8C3C-A3177EA3CBB9} = {E9BDDCBE-A57D-4E3B-8252-708088386ADF}
		{2B5FD099-CC28-4FBC-9F20-F20300C5DFD2} = {F3DE0D72-426B-4AD9-B3ED-3343CF4223F1}
	EndGlobalSection
	GlobalSection(ExtensibilityGlobals) = postSolution
		SolutionGuid = {197319DA-1148-4A99-847C-8B270B6A29AB}
	EndGlobalSection
EndGlobal
