
Microsoft Visual Studio Solution File, Format Version 12.00
# Visual Studio Version 16
VisualStudioVersion = 16.0.30611.23
MinimumVisualStudioVersion = 10.0.40219.1
Project("{2150E333-8FDC-42A3-9474-1A3956D46DE8}") = "UI", "UI", "{38736647-2196-417E-8519-C48A012A63D9}"
EndProject
Project("{2150E333-8FDC-42A3-9474-1A3956D46DE8}") = "Application", "Application", "{98051127-2868-4F5C-9B2C-2150975E05F3}"
EndProject
Project("{2150E333-8FDC-42A3-9474-1A3956D46DE8}") = "Domain", "Domain", "{120917DC-474C-448B-9EBB-1B3BA3A20B9D}"
EndProject
Project("{2150E333-8FDC-42A3-9474-1A3956D46DE8}") = "src", "src", "{AF21E067-3307-4E7F-8CE8-C695E6B61876}"
EndProject
Project("{2150E333-8FDC-42A3-9474-1A3956D46DE8}") = "test", "test", "{E9BDDCBE-A57D-4E3B-8252-708088386ADF}"
EndProject
Project("{9A19103F-16F7-4668-BE54-9A1E7A4F7556}") = "Ray.BiliBiliTool.Console", "src\Ray.BiliBiliTool.Console\Ray.BiliBiliTool.Console.csproj", "{DB227D60-0737-45C2-8CEA-F55FDA711301}"
EndProject
Project("{9A19103F-16F7-4668-BE54-9A1E7A4F7556}") = "ConfigTest", "test\ConfigTest\ConfigTest.csproj", "{114D45C8-E4BB-47EE-89AC-BD1DC6FA3BAD}"
EndProject
Project("{9A19103F-16F7-4668-BE54-9A1E7A4F7556}") = "DeserializeTest", "test\DeserializeTest\DeserializeTest.csproj", "{FDF17524-45D8-451A-99C7-A52D6D445FEF}"
EndProject
Project("{9A19103F-16F7-4668-BE54-9A1E7A4F7556}") = "LogTest", "test\LogTest\LogTest.csproj", "{2039BF6A-5EC4-439C-8D2E-77313075843A}"
EndProject
Project("{2150E333-8FDC-42A3-9474-1A3956D46DE8}") = "Infrastructure", "Infrastructure", "{110D3D21-8E9B-45AB-9667-6DA1DB3862AC}"
EndProject
Project("{9A19103F-16F7-4668-BE54-9A1E7A4F7556}") = "DailyTaskTest", "test\DailyTaskTest\DailyTaskTest.csproj", "{ECDB59B8-DD28-4C0D-8145-13629C3EA3B1}"
EndProject
Project("{9A19103F-16F7-4668-BE54-9A1E7A4F7556}") = "GetLastDayOfMonthTest", "test\GetLastDayOfMonthTest\GetLastDayOfMonthTest.csproj", "{EF77962E-CE7B-4A12-A4D1-58E70126DE0F}"
EndProject
Project("{9A19103F-16F7-4668-BE54-9A1E7A4F7556}") = "Ray.BiliBiliTool.Infrastructure", "src\Ray.BiliBiliTool.Infrastructure\Ray.BiliBiliTool.Infrastructure.csproj", "{7188698C-0A9A-43B2-B3E2-5136B14FDE13}"
EndProject
Project("{9A19103F-16F7-4668-BE54-9A1E7A4F7556}") = "Ray.BiliBiliTool.Application", "src\Ray.BiliBiliTool.Application\Ray.BiliBiliTool.Application.csproj", "{3388A58D-91CC-4875-A29F-3E6FC3B44BF5}"
EndProject
Project("{9A19103F-16F7-4668-BE54-9A1E7A4F7556}") = "Ray.BiliBiliTool.Application.Contracts", "src\Ray.BiliBiliTool.Application.Contracts\Ray.BiliBiliTool.Application.Contracts.csproj", "{B6AEDD60-9C06-4391-9171-65EBD5E9D77A}"
EndProject
Project("{9A19103F-16F7-4668-BE54-9A1E7A4F7556}") = "Ray.BiliBiliTool.Agent", "src\Ray.BiliBiliTool.Agent\Ray.BiliBiliTool.Agent.csproj", "{D5F9FBCE-31BE-4E80-93E2-183CF029431F}"
EndProject
Project("{9A19103F-16F7-4668-BE54-9A1E7A4F7556}") = "Ray.BiliBiliTool.Config", "src\Ray.BiliBiliTool.Config\Ray.BiliBiliTool.Config.csproj", "{191C48BD-5CB5-42CA-B394-7A4A9BFA6275}"
EndProject
Project("{9A19103F-16F7-4668-BE54-9A1E7A4F7556}") = "Ray.BiliBiliTool.DomainService", "src\Ray.BiliBiliTool.DomainService\Ray.BiliBiliTool.DomainService.csproj", "{7105652A-B1C1-4F9E-BA38-8034BC8B26B4}"
EndProject
Project("{9A19103F-16F7-4668-BE54-9A1E7A4F7556}") = "PushTest", "test\PushTest\PushTest.csproj", "{ECEEFE3F-F39F-44EE-8FA2-D5CDBB25397F}"
EndProject
Project("{2150E333-8FDC-42A3-9474-1A3956D46DE8}") = "Solution Items", "Solution Items", "{F3DE0D72-426B-4AD9-B3ED-3343CF4223F1}"
	ProjectSection(SolutionItems) = preProject
		.editorconfig = .editorconfig
	EndProjectSection
EndProject
Global
	GlobalSection(SolutionConfigurationPlatforms) = preSolution
		Debug|Any CPU = Debug|Any CPU
		Release|Any CPU = Release|Any CPU
	EndGlobalSection
	GlobalSection(ProjectConfigurationPlatforms) = postSolution
		{DB227D60-0737-45C2-8CEA-F55FDA711301}.Debug|Any CPU.ActiveCfg = Debug|Any CPU
		{DB227D60-0737-45C2-8CEA-F55FDA711301}.Debug|Any CPU.Build.0 = Debug|Any CPU
		{DB227D60-0737-45C2-8CEA-F55FDA711301}.Release|Any CPU.ActiveCfg = Release|Any CPU
		{DB227D60-0737-45C2-8CEA-F55FDA711301}.Release|Any CPU.Build.0 = Release|Any CPU
		{114D45C8-E4BB-47EE-89AC-BD1DC6FA3BAD}.Debug|Any CPU.ActiveCfg = Debug|Any CPU
		{114D45C8-E4BB-47EE-89AC-BD1DC6FA3BAD}.Debug|Any CPU.Build.0 = Debug|Any CPU
		{114D45C8-E4BB-47EE-89AC-BD1DC6FA3BAD}.Release|Any CPU.ActiveCfg = Release|Any CPU
		{114D45C8-E4BB-47EE-89AC-BD1DC6FA3BAD}.Release|Any CPU.Build.0 = Release|Any CPU
		{FDF17524-45D8-451A-99C7-A52D6D445FEF}.Debug|Any CPU.ActiveCfg = Debug|Any CPU
		{FDF17524-45D8-451A-99C7-A52D6D445FEF}.Debug|Any CPU.Build.0 = Debug|Any CPU
		{FDF17524-45D8-451A-99C7-A52D6D445FEF}.Release|Any CPU.ActiveCfg = Release|Any CPU
		{FDF17524-45D8-451A-99C7-A52D6D445FEF}.Release|Any CPU.Build.0 = Release|Any CPU
		{2039BF6A-5EC4-439C-8D2E-77313075843A}.Debug|Any CPU.ActiveCfg = Debug|Any CPU
		{2039BF6A-5EC4-439C-8D2E-77313075843A}.Debug|Any CPU.Build.0 = Debug|Any CPU
		{2039BF6A-5EC4-439C-8D2E-77313075843A}.Release|Any CPU.ActiveCfg = Release|Any CPU
		{2039BF6A-5EC4-439C-8D2E-77313075843A}.Release|Any CPU.Build.0 = Release|Any CPU
		{ECDB59B8-DD28-4C0D-8145-13629C3EA3B1}.Debug|Any CPU.ActiveCfg = Debug|Any CPU
		{ECDB59B8-DD28-4C0D-8145-13629C3EA3B1}.Debug|Any CPU.Build.0 = Debug|Any CPU
		{ECDB59B8-DD28-4C0D-8145-13629C3EA3B1}.Release|Any CPU.ActiveCfg = Release|Any CPU
		{ECDB59B8-DD28-4C0D-8145-13629C3EA3B1}.Release|Any CPU.Build.0 = Release|Any CPU
		{EF77962E-CE7B-4A12-A4D1-58E70126DE0F}.Debug|Any CPU.ActiveCfg = Debug|Any CPU
		{EF77962E-CE7B-4A12-A4D1-58E70126DE0F}.Debug|Any CPU.Build.0 = Debug|Any CPU
		{EF77962E-CE7B-4A12-A4D1-58E70126DE0F}.Release|Any CPU.ActiveCfg = Release|Any CPU
		{EF77962E-CE7B-4A12-A4D1-58E70126DE0F}.Release|Any CPU.Build.0 = Release|Any CPU
		{7188698C-0A9A-43B2-B3E2-5136B14FDE13}.Debug|Any CPU.ActiveCfg = Debug|Any CPU
		{7188698C-0A9A-43B2-B3E2-5136B14FDE13}.Debug|Any CPU.Build.0 = Debug|Any CPU
		{7188698C-0A9A-43B2-B3E2-5136B14FDE13}.Release|Any CPU.ActiveCfg = Release|Any CPU
		{7188698C-0A9A-43B2-B3E2-5136B14FDE13}.Release|Any CPU.Build.0 = Release|Any CPU
		{3388A58D-91CC-4875-A29F-3E6FC3B44BF5}.Debug|Any CPU.ActiveCfg = Debug|Any CPU
		{3388A58D-91CC-4875-A29F-3E6FC3B44BF5}.Debug|Any CPU.Build.0 = Debug|Any CPU
		{3388A58D-91CC-4875-A29F-3E6FC3B44BF5}.Release|Any CPU.ActiveCfg = Release|Any CPU
		{3388A58D-91CC-4875-A29F-3E6FC3B44BF5}.Release|Any CPU.Build.0 = Release|Any CPU
		{B6AEDD60-9C06-4391-9171-65EBD5E9D77A}.Debug|Any CPU.ActiveCfg = Debug|Any CPU
		{B6AEDD60-9C06-4391-9171-65EBD5E9D77A}.Debug|Any CPU.Build.0 = Debug|Any CPU
		{B6AEDD60-9C06-4391-9171-65EBD5E9D77A}.Release|Any CPU.ActiveCfg = Release|Any CPU
		{B6AEDD60-9C06-4391-9171-65EBD5E9D77A}.Release|Any CPU.Build.0 = Release|Any CPU
		{D5F9FBCE-31BE-4E80-93E2-183CF029431F}.Debug|Any CPU.ActiveCfg = Debug|Any CPU
		{D5F9FBCE-31BE-4E80-93E2-183CF029431F}.Debug|Any CPU.Build.0 = Debug|Any CPU
		{D5F9FBCE-31BE-4E80-93E2-183CF029431F}.Release|Any CPU.ActiveCfg = Release|Any CPU
		{D5F9FBCE-31BE-4E80-93E2-183CF029431F}.Release|Any CPU.Build.0 = Release|Any CPU
		{191C48BD-5CB5-42CA-B394-7A4A9BFA6275}.Debug|Any CPU.ActiveCfg = Debug|Any CPU
		{191C48BD-5CB5-42CA-B394-7A4A9BFA6275}.Debug|Any CPU.Build.0 = Debug|Any CPU
		{191C48BD-5CB5-42CA-B394-7A4A9BFA6275}.Release|Any CPU.ActiveCfg = Release|Any CPU
		{191C48BD-5CB5-42CA-B394-7A4A9BFA6275}.Release|Any CPU.Build.0 = Release|Any CPU
		{7105652A-B1C1-4F9E-BA38-8034BC8B26B4}.Debug|Any CPU.ActiveCfg = Debug|Any CPU
		{7105652A-B1C1-4F9E-BA38-8034BC8B26B4}.Debug|Any CPU.Build.0 = Debug|Any CPU
		{7105652A-B1C1-4F9E-BA38-8034BC8B26B4}.Release|Any CPU.ActiveCfg = Release|Any CPU
		{7105652A-B1C1-4F9E-BA38-8034BC8B26B4}.Release|Any CPU.Build.0 = Release|Any CPU
		{ECEEFE3F-F39F-44EE-8FA2-D5CDBB25397F}.Debug|Any CPU.ActiveCfg = Debug|Any CPU
		{ECEEFE3F-F39F-44EE-8FA2-D5CDBB25397F}.Debug|Any CPU.Build.0 = Debug|Any CPU
		{ECEEFE3F-F39F-44EE-8FA2-D5CDBB25397F}.Release|Any CPU.ActiveCfg = Release|Any CPU
		{ECEEFE3F-F39F-44EE-8FA2-D5CDBB25397F}.Release|Any CPU.Build.0 = Release|Any CPU
	EndGlobalSection
	GlobalSection(SolutionProperties) = preSolution
		HideSolutionNode = FALSE
	EndGlobalSection
	GlobalSection(NestedProjects) = preSolution
		{38736647-2196-417E-8519-C48A012A63D9} = {AF21E067-3307-4E7F-8CE8-C695E6B61876}
		{98051127-2868-4F5C-9B2C-2150975E05F3} = {AF21E067-3307-4E7F-8CE8-C695E6B61876}
		{120917DC-474C-448B-9EBB-1B3BA3A20B9D} = {AF21E067-3307-4E7F-8CE8-C695E6B61876}
		{DB227D60-0737-45C2-8CEA-F55FDA711301} = {38736647-2196-417E-8519-C48A012A63D9}
		{114D45C8-E4BB-47EE-89AC-BD1DC6FA3BAD} = {E9BDDCBE-A57D-4E3B-8252-708088386ADF}
		{FDF17524-45D8-451A-99C7-A52D6D445FEF} = {E9BDDCBE-A57D-4E3B-8252-708088386ADF}
		{2039BF6A-5EC4-439C-8D2E-77313075843A} = {E9BDDCBE-A57D-4E3B-8252-708088386ADF}
		{110D3D21-8E9B-45AB-9667-6DA1DB3862AC} = {AF21E067-3307-4E7F-8CE8-C695E6B61876}
		{ECDB59B8-DD28-4C0D-8145-13629C3EA3B1} = {E9BDDCBE-A57D-4E3B-8252-708088386ADF}
		{EF77962E-CE7B-4A12-A4D1-58E70126DE0F} = {E9BDDCBE-A57D-4E3B-8252-708088386ADF}
		{7188698C-0A9A-43B2-B3E2-5136B14FDE13} = {110D3D21-8E9B-45AB-9667-6DA1DB3862AC}
		{3388A58D-91CC-4875-A29F-3E6FC3B44BF5} = {98051127-2868-4F5C-9B2C-2150975E05F3}
		{B6AEDD60-9C06-4391-9171-65EBD5E9D77A} = {98051127-2868-4F5C-9B2C-2150975E05F3}
		{D5F9FBCE-31BE-4E80-93E2-183CF029431F} = {120917DC-474C-448B-9EBB-1B3BA3A20B9D}
		{191C48BD-5CB5-42CA-B394-7A4A9BFA6275} = {120917DC-474C-448B-9EBB-1B3BA3A20B9D}
		{7105652A-B1C1-4F9E-BA38-8034BC8B26B4} = {120917DC-474C-448B-9EBB-1B3BA3A20B9D}
		{ECEEFE3F-F39F-44EE-8FA2-D5CDBB25397F} = {E9BDDCBE-A57D-4E3B-8252-708088386ADF}
	EndGlobalSection
	GlobalSection(ExtensibilityGlobals) = postSolution
		SolutionGuid = {197319DA-1148-4A99-847C-8B270B6A29AB}
	EndGlobalSection
EndGlobal
